
Microsoft Visual Studio Solution File, Format Version 12.00
# Visual Studio Version 16
VisualStudioVersion = 16.0.30717.126
MinimumVisualStudioVersion = 10.0.40219.1
Project("{FAE04EC0-301F-11D3-BF4B-00C04F79EFBC}") = "Projeto API .Net com MongoDB", "Projeto API .Net com MongoDB\Projeto API .Net com MongoDB.csproj", "{D52E67F3-4995-4B41-91DB-18B47113CE16}"
EndProject
Global
	GlobalSection(SolutionConfigurationPlatforms) = preSolution
		Debug|Any CPU = Debug|Any CPU
		Release|Any CPU = Release|Any CPU
	EndGlobalSection
	GlobalSection(ProjectConfigurationPlatforms) = postSolution
		{D52E67F3-4995-4B41-91DB-18B47113CE16}.Debug|Any CPU.ActiveCfg = Debug|Any CPU
		{D52E67F3-4995-4B41-91DB-18B47113CE16}.Debug|Any CPU.Build.0 = Debug|Any CPU
		{D52E67F3-4995-4B41-91DB-18B47113CE16}.Release|Any CPU.ActiveCfg = Release|Any CPU
		{D52E67F3-4995-4B41-91DB-18B47113CE16}.Release|Any CPU.Build.0 = Release|Any CPU
	EndGlobalSection
	GlobalSection(SolutionProperties) = preSolution
		HideSolutionNode = FALSE
	EndGlobalSection
	GlobalSection(ExtensibilityGlobals) = postSolution
		SolutionGuid = {550EC9A0-AC32-4EC7-A4FB-B82A954BB444}
	EndGlobalSection
EndGlobal
